
Microsoft Visual Studio Solution File, Format Version 12.00
# Visual Studio Version 17
VisualStudioVersion = 17.6.33815.320
MinimumVisualStudioVersion = 10.0.40219.1
Project("{FAE04EC0-301F-11D3-BF4B-00C04F79EFBC}") = "CarbonFootPrintCalculator", "CarbonFootPrintCalculator\CarbonFootPrintCalculator.csproj", "{F158E72F-3EE9-44DD-8E77-1CE20851A210}"
EndProject
Global
	GlobalSection(SolutionConfigurationPlatforms) = preSolution
		Debug|Any CPU = Debug|Any CPU
		Release|Any CPU = Release|Any CPU
	EndGlobalSection
	GlobalSection(ProjectConfigurationPlatforms) = postSolution
		{F158E72F-3EE9-44DD-8E77-1CE20851A210}.Debug|Any CPU.ActiveCfg = Debug|Any CPU
		{F158E72F-3EE9-44DD-8E77-1CE20851A210}.Debug|Any CPU.Build.0 = Debug|Any CPU
		{F158E72F-3EE9-44DD-8E77-1CE20851A210}.Release|Any CPU.ActiveCfg = Release|Any CPU
		{F158E72F-3EE9-44DD-8E77-1CE20851A210}.Release|Any CPU.Build.0 = Release|Any CPU
	EndGlobalSection
	GlobalSection(SolutionProperties) = preSolution
		HideSolutionNode = FALSE
	EndGlobalSection
	GlobalSection(ExtensibilityGlobals) = postSolution
		SolutionGuid = {3F6C0BF2-8291-4025-9684-61FB7AB22B70}
	EndGlobalSection
EndGlobal
